// !$*UTF8*$!
{
	archiveVersion = 1;
	classes = {
	};
	objectVersion = 56;
	objects = {

/* Begin PBXBuildFile section */
		57C17D142BBA0B0A00CD916D /* AppDelegate.swift in Sources */ = {isa = PBXBuildFile; fileRef = 57C17D132BBA0B0A00CD916D /* AppDelegate.swift */; };
		57C17D162BBA0B0A00CD916D /* SceneDelegate.swift in Sources */ = {isa = PBXBuildFile; fileRef = 57C17D152BBA0B0A00CD916D /* SceneDelegate.swift */; };
		57C17D182BBA0B0A00CD916D /* SearchViewController.swift in Sources */ = {isa = PBXBuildFile; fileRef = 57C17D172BBA0B0A00CD916D /* SearchViewController.swift */; };
		57C17D1D2BBA0B0B00CD916D /* Assets.xcassets in Resources */ = {isa = PBXBuildFile; fileRef = 57C17D1C2BBA0B0B00CD916D /* Assets.xcassets */; };
		57C17D202BBA0B0B00CD916D /* LaunchScreen.storyboard in Resources */ = {isa = PBXBuildFile; fileRef = 57C17D1E2BBA0B0B00CD916D /* LaunchScreen.storyboard */; };
		57C17D2C2BBA1E4100CD916D /* NetworkManager.swift in Sources */ = {isa = PBXBuildFile; fileRef = 57C17D2A2BBA0F6D00CD916D /* NetworkManager.swift */; };
		57C17D2F2BBA1E8300CD916D /* PokemonListResponse.swift in Sources */ = {isa = PBXBuildFile; fileRef = 57C17D2E2BBA1E8300CD916D /* PokemonListResponse.swift */; };
		57C17D322BBA240400CD916D /* Main.storyboard in Resources */ = {isa = PBXBuildFile; fileRef = 57C17D302BBA240400CD916D /* Main.storyboard */; };
		57C17D362BBA303300CD916D /* SearchViewModel.swift in Sources */ = {isa = PBXBuildFile; fileRef = 57C17D352BBA303300CD916D /* SearchViewModel.swift */; };
/* End PBXBuildFile section */

/* Begin PBXFileReference section */
		57C17D102BBA0B0A00CD916D /* Pokedex-v2.app */ = {isa = PBXFileReference; explicitFileType = wrapper.application; includeInIndex = 0; path = "Pokedex-v2.app"; sourceTree = BUILT_PRODUCTS_DIR; };
		57C17D132BBA0B0A00CD916D /* AppDelegate.swift */ = {isa = PBXFileReference; lastKnownFileType = sourcecode.swift; path = AppDelegate.swift; sourceTree = "<group>"; };
		57C17D152BBA0B0A00CD916D /* SceneDelegate.swift */ = {isa = PBXFileReference; lastKnownFileType = sourcecode.swift; path = SceneDelegate.swift; sourceTree = "<group>"; };
		57C17D172BBA0B0A00CD916D /* SearchViewController.swift */ = {isa = PBXFileReference; lastKnownFileType = sourcecode.swift; path = SearchViewController.swift; sourceTree = "<group>"; };
		57C17D1C2BBA0B0B00CD916D /* Assets.xcassets */ = {isa = PBXFileReference; lastKnownFileType = folder.assetcatalog; path = Assets.xcassets; sourceTree = "<group>"; };
		57C17D1F2BBA0B0B00CD916D /* Base */ = {isa = PBXFileReference; lastKnownFileType = file.storyboard; name = Base; path = Base.lproj/LaunchScreen.storyboard; sourceTree = "<group>"; };
		57C17D212BBA0B0B00CD916D /* Info.plist */ = {isa = PBXFileReference; lastKnownFileType = text.plist.xml; path = Info.plist; sourceTree = "<group>"; };
		57C17D2A2BBA0F6D00CD916D /* NetworkManager.swift */ = {isa = PBXFileReference; lastKnownFileType = sourcecode.swift; path = NetworkManager.swift; sourceTree = "<group>"; };
		57C17D2E2BBA1E8300CD916D /* PokemonListResponse.swift */ = {isa = PBXFileReference; lastKnownFileType = sourcecode.swift; path = PokemonListResponse.swift; sourceTree = "<group>"; };
		57C17D312BBA240400CD916D /* Base */ = {isa = PBXFileReference; lastKnownFileType = file.storyboard; name = Base; path = Base.lproj/Main.storyboard; sourceTree = "<group>"; };
		57C17D352BBA303300CD916D /* SearchViewModel.swift */ = {isa = PBXFileReference; lastKnownFileType = sourcecode.swift; path = SearchViewModel.swift; sourceTree = "<group>"; };
/* End PBXFileReference section */

/* Begin PBXFrameworksBuildPhase section */
		57C17D0D2BBA0B0A00CD916D /* Frameworks */ = {
			isa = PBXFrameworksBuildPhase;
			buildActionMask = 2147483647;
			files = (
			);
			runOnlyForDeploymentPostprocessing = 0;
		};
/* End PBXFrameworksBuildPhase section */

/* Begin PBXGroup section */
		57C17D072BBA0B0A00CD916D = {
			isa = PBXGroup;
			children = (
				57C17D122BBA0B0A00CD916D /* Pokedex-v2 */,
				57C17D112BBA0B0A00CD916D /* Products */,
			);
			sourceTree = "<group>";
		};
		57C17D112BBA0B0A00CD916D /* Products */ = {
			isa = PBXGroup;
			children = (
				57C17D102BBA0B0A00CD916D /* Pokedex-v2.app */,
			);
			name = Products;
			sourceTree = "<group>";
		};
		57C17D122BBA0B0A00CD916D /* Pokedex-v2 */ = {
			isa = PBXGroup;
			children = (
				57C17D212BBA0B0B00CD916D /* Info.plist */,
				57C17D132BBA0B0A00CD916D /* AppDelegate.swift */,
				57C17D152BBA0B0A00CD916D /* SceneDelegate.swift */,
				57C17D1C2BBA0B0B00CD916D /* Assets.xcassets */,
				57C17D332BBA29F300CD916D /* App */,
				57C17D1E2BBA0B0B00CD916D /* LaunchScreen.storyboard */,
				57C17D302BBA240400CD916D /* Main.storyboard */,
				57C17D2D2BBA1E7200CD916D /* Models */,
				57C17D292BBA0F6D00CD916D /* Networking */,
			);
			path = "Pokedex-v2";
			sourceTree = "<group>";
		};
		57C17D292BBA0F6D00CD916D /* Networking */ = {
			isa = PBXGroup;
			children = (
				57C17D2A2BBA0F6D00CD916D /* NetworkManager.swift */,
			);
			path = Networking;
			sourceTree = "<group>";
		};
		57C17D2D2BBA1E7200CD916D /* Models */ = {
			isa = PBXGroup;
			children = (
				57C17D2E2BBA1E8300CD916D /* PokemonListResponse.swift */,
			);
			path = Models;
			sourceTree = "<group>";
		};
		57C17D332BBA29F300CD916D /* App */ = {
			isa = PBXGroup;
			children = (
				57C17D342BBA29FA00CD916D /* Search */,
			);
			path = App;
			sourceTree = "<group>";
		};
		57C17D342BBA29FA00CD916D /* Search */ = {
			isa = PBXGroup;
			children = (
				57C17D172BBA0B0A00CD916D /* SearchViewController.swift */,
				57C17D352BBA303300CD916D /* SearchViewModel.swift */,
			);
			path = Search;
			sourceTree = "<group>";
		};
/* End PBXGroup section */

/* Begin PBXNativeTarget section */
		57C17D0F2BBA0B0A00CD916D /* Pokedex-v2 */ = {
			isa = PBXNativeTarget;
			buildConfigurationList = 57C17D242BBA0B0B00CD916D /* Build configuration list for PBXNativeTarget "Pokedex-v2" */;
			buildPhases = (
				57C17D0C2BBA0B0A00CD916D /* Sources */,
				57C17D0D2BBA0B0A00CD916D /* Frameworks */,
				57C17D0E2BBA0B0A00CD916D /* Resources */,
			);
			buildRules = (
			);
			dependencies = (
			);
			name = "Pokedex-v2";
			productName = "Pokedex-v2";
			productReference = 57C17D102BBA0B0A00CD916D /* Pokedex-v2.app */;
			productType = "com.apple.product-type.application";
		};
/* End PBXNativeTarget section */

/* Begin PBXProject section */
		57C17D082BBA0B0A00CD916D /* Project object */ = {
			isa = PBXProject;
			attributes = {
				BuildIndependentTargetsInParallel = 1;
				LastSwiftUpdateCheck = 1500;
				LastUpgradeCheck = 1500;
				TargetAttributes = {
					57C17D0F2BBA0B0A00CD916D = {
						CreatedOnToolsVersion = 15.0.1;
					};
				};
			};
			buildConfigurationList = 57C17D0B2BBA0B0A00CD916D /* Build configuration list for PBXProject "Pokedex-v2" */;
			compatibilityVersion = "Xcode 14.0";
			developmentRegion = en;
			hasScannedForEncodings = 0;
			knownRegions = (
				en,
				Base,
			);
			mainGroup = 57C17D072BBA0B0A00CD916D;
			productRefGroup = 57C17D112BBA0B0A00CD916D /* Products */;
			projectDirPath = "";
			projectRoot = "";
			targets = (
				57C17D0F2BBA0B0A00CD916D /* Pokedex-v2 */,
			);
		};
/* End PBXProject section */

/* Begin PBXResourcesBuildPhase section */
		57C17D0E2BBA0B0A00CD916D /* Resources */ = {
			isa = PBXResourcesBuildPhase;
			buildActionMask = 2147483647;
			files = (
				57C17D322BBA240400CD916D /* Main.storyboard in Resources */,
				57C17D202BBA0B0B00CD916D /* LaunchScreen.storyboard in Resources */,
				57C17D1D2BBA0B0B00CD916D /* Assets.xcassets in Resources */,
			);
			runOnlyForDeploymentPostprocessing = 0;
		};
/* End PBXResourcesBuildPhase section */

/* Begin PBXSourcesBuildPhase section */
		57C17D0C2BBA0B0A00CD916D /* Sources */ = {
			isa = PBXSourcesBuildPhase;
			buildActionMask = 2147483647;
			files = (
				57C17D362BBA303300CD916D /* SearchViewModel.swift in Sources */,
				57C17D2C2BBA1E4100CD916D /* NetworkManager.swift in Sources */,
				57C17D182BBA0B0A00CD916D /* SearchViewController.swift in Sources */,
				57C17D2F2BBA1E8300CD916D /* PokemonListResponse.swift in Sources */,
				57C17D142BBA0B0A00CD916D /* AppDelegate.swift in Sources */,
				57C17D162BBA0B0A00CD916D /* SceneDelegate.swift in Sources */,
			);
			runOnlyForDeploymentPostprocessing = 0;
		};
/* End PBXSourcesBuildPhase section */

/* Begin PBXVariantGroup section */
		57C17D1E2BBA0B0B00CD916D /* LaunchScreen.storyboard */ = {
			isa = PBXVariantGroup;
			children = (
				57C17D1F2BBA0B0B00CD916D /* Base */,
			);
			name = LaunchScreen.storyboard;
			sourceTree = "<group>";
		};
		57C17D302BBA240400CD916D /* Main.storyboard */ = {
			isa = PBXVariantGroup;
			children = (
				57C17D312BBA240400CD916D /* Base */,
			);
			name = Main.storyboard;
			sourceTree = "<group>";
		};
/* End PBXVariantGroup section */

/* Begin XCBuildConfiguration section */
		57C17D222BBA0B0B00CD916D /* Debug */ = {
			isa = XCBuildConfiguration;
			buildSettings = {
				ALWAYS_SEARCH_USER_PATHS = NO;
				ASSETCATALOG_COMPILER_GENERATE_SWIFT_ASSET_SYMBOL_EXTENSIONS = YES;
				CLANG_ANALYZER_NONNULL = YES;
				CLANG_ANALYZER_NUMBER_OBJECT_CONVERSION = YES_AGGRESSIVE;
				CLANG_CXX_LANGUAGE_STANDARD = "gnu++20";
				CLANG_ENABLE_MODULES = YES;
				CLANG_ENABLE_OBJC_ARC = YES;
				CLANG_ENABLE_OBJC_WEAK = YES;
				CLANG_WARN_BLOCK_CAPTURE_AUTORELEASING = YES;
				CLANG_WARN_BOOL_CONVERSION = YES;
				CLANG_WARN_COMMA = YES;
				CLANG_WARN_CONSTANT_CONVERSION = YES;
				CLANG_WARN_DEPRECATED_OBJC_IMPLEMENTATIONS = YES;
				CLANG_WARN_DIRECT_OBJC_ISA_USAGE = YES_ERROR;
				CLANG_WARN_DOCUMENTATION_COMMENTS = YES;
				CLANG_WARN_EMPTY_BODY = YES;
				CLANG_WARN_ENUM_CONVERSION = YES;
				CLANG_WARN_INFINITE_RECURSION = YES;
				CLANG_WARN_INT_CONVERSION = YES;
				CLANG_WARN_NON_LITERAL_NULL_CONVERSION = YES;
				CLANG_WARN_OBJC_IMPLICIT_RETAIN_SELF = YES;
				CLANG_WARN_OBJC_LITERAL_CONVERSION = YES;
				CLANG_WARN_OBJC_ROOT_CLASS = YES_ERROR;
				CLANG_WARN_QUOTED_INCLUDE_IN_FRAMEWORK_HEADER = YES;
				CLANG_WARN_RANGE_LOOP_ANALYSIS = YES;
				CLANG_WARN_STRICT_PROTOTYPES = YES;
				CLANG_WARN_SUSPICIOUS_MOVE = YES;
				CLANG_WARN_UNGUARDED_AVAILABILITY = YES_AGGRESSIVE;
				CLANG_WARN_UNREACHABLE_CODE = YES;
				CLANG_WARN__DUPLICATE_METHOD_MATCH = YES;
				COPY_PHASE_STRIP = NO;
				DEBUG_INFORMATION_FORMAT = dwarf;
				ENABLE_STRICT_OBJC_MSGSEND = YES;
				ENABLE_TESTABILITY = YES;
				ENABLE_USER_SCRIPT_SANDBOXING = YES;
				GCC_C_LANGUAGE_STANDARD = gnu17;
				GCC_DYNAMIC_NO_PIC = NO;
				GCC_NO_COMMON_BLOCKS = YES;
				GCC_OPTIMIZATION_LEVEL = 0;
				GCC_PREPROCESSOR_DEFINITIONS = (
					"DEBUG=1",
					"$(inherited)",
				);
				GCC_WARN_64_TO_32_BIT_CONVERSION = YES;
				GCC_WARN_ABOUT_RETURN_TYPE = YES_ERROR;
				GCC_WARN_UNDECLARED_SELECTOR = YES;
				GCC_WARN_UNINITIALIZED_AUTOS = YES_AGGRESSIVE;
				GCC_WARN_UNUSED_FUNCTION = YES;
				GCC_WARN_UNUSED_VARIABLE = YES;
				IPHONEOS_DEPLOYMENT_TARGET = 17.0;
				LOCALIZATION_PREFERS_STRING_CATALOGS = YES;
				MTL_ENABLE_DEBUG_INFO = INCLUDE_SOURCE;
				MTL_FAST_MATH = YES;
				ONLY_ACTIVE_ARCH = YES;
				SDKROOT = iphoneos;
				SWIFT_ACTIVE_COMPILATION_CONDITIONS = "DEBUG $(inherited)";
				SWIFT_OPTIMIZATION_LEVEL = "-Onone";
			};
			name = Debug;
		};
		57C17D232BBA0B0B00CD916D /* Release */ = {
			isa = XCBuildConfiguration;
			buildSettings = {
				ALWAYS_SEARCH_USER_PATHS = NO;
				ASSETCATALOG_COMPILER_GENERATE_SWIFT_ASSET_SYMBOL_EXTENSIONS = YES;
				CLANG_ANALYZER_NONNULL = YES;
				CLANG_ANALYZER_NUMBER_OBJECT_CONVERSION = YES_AGGRESSIVE;
				CLANG_CXX_LANGUAGE_STANDARD = "gnu++20";
				CLANG_ENABLE_MODULES = YES;
				CLANG_ENABLE_OBJC_ARC = YES;
				CLANG_ENABLE_OBJC_WEAK = YES;
				CLANG_WARN_BLOCK_CAPTURE_AUTORELEASING = YES;
				CLANG_WARN_BOOL_CONVERSION = YES;
				CLANG_WARN_COMMA = YES;
				CLANG_WARN_CONSTANT_CONVERSION = YES;
				CLANG_WARN_DEPRECATED_OBJC_IMPLEMENTATIONS = YES;
				CLANG_WARN_DIRECT_OBJC_ISA_USAGE = YES_ERROR;
				CLANG_WARN_DOCUMENTATION_COMMENTS = YES;
				CLANG_WARN_EMPTY_BODY = YES;
				CLANG_WARN_ENUM_CONVERSION = YES;
				CLANG_WARN_INFINITE_RECURSION = YES;
				CLANG_WARN_INT_CONVERSION = YES;
				CLANG_WARN_NON_LITERAL_NULL_CONVERSION = YES;
				CLANG_WARN_OBJC_IMPLICIT_RETAIN_SELF = YES;
				CLANG_WARN_OBJC_LITERAL_CONVERSION = YES;
				CLANG_WARN_OBJC_ROOT_CLASS = YES_ERROR;
				CLANG_WARN_QUOTED_INCLUDE_IN_FRAMEWORK_HEADER = YES;
				CLANG_WARN_RANGE_LOOP_ANALYSIS = YES;
				CLANG_WARN_STRICT_PROTOTYPES = YES;
				CLANG_WARN_SUSPICIOUS_MOVE = YES;
				CLANG_WARN_UNGUARDED_AVAILABILITY = YES_AGGRESSIVE;
				CLANG_WARN_UNREACHABLE_CODE = YES;
				CLANG_WARN__DUPLICATE_METHOD_MATCH = YES;
				COPY_PHASE_STRIP = NO;
				DEBUG_INFORMATION_FORMAT = "dwarf-with-dsym";
				ENABLE_NS_ASSERTIONS = NO;
				ENABLE_STRICT_OBJC_MSGSEND = YES;
				ENABLE_USER_SCRIPT_SANDBOXING = YES;
				GCC_C_LANGUAGE_STANDARD = gnu17;
				GCC_NO_COMMON_BLOCKS = YES;
				GCC_WARN_64_TO_32_BIT_CONVERSION = YES;
				GCC_WARN_ABOUT_RETURN_TYPE = YES_ERROR;
				GCC_WARN_UNDECLARED_SELECTOR = YES;
				GCC_WARN_UNINITIALIZED_AUTOS = YES_AGGRESSIVE;
				GCC_WARN_UNUSED_FUNCTION = YES;
				GCC_WARN_UNUSED_VARIABLE = YES;
				IPHONEOS_DEPLOYMENT_TARGET = 17.0;
				LOCALIZATION_PREFERS_STRING_CATALOGS = YES;
				MTL_ENABLE_DEBUG_INFO = NO;
				MTL_FAST_MATH = YES;
				SDKROOT = iphoneos;
				SWIFT_COMPILATION_MODE = wholemodule;
				VALIDATE_PRODUCT = YES;
			};
			name = Release;
		};
		57C17D252BBA0B0B00CD916D /* Debug */ = {
			isa = XCBuildConfiguration;
			buildSettings = {
				ASSETCATALOG_COMPILER_APPICON_NAME = AppIcon;
				ASSETCATALOG_COMPILER_GLOBAL_ACCENT_COLOR_NAME = AccentColor;
				CODE_SIGN_STYLE = Automatic;
				CURRENT_PROJECT_VERSION = 1;
				DEVELOPMENT_TEAM = 96JYKUR964;
				GENERATE_INFOPLIST_FILE = YES;
				INFOPLIST_FILE = "Pokedex-v2/Info.plist";
				INFOPLIST_KEY_UIApplicationSupportsIndirectInputEvents = YES;
				INFOPLIST_KEY_UILaunchStoryboardName = LaunchScreen.storyboard;
				INFOPLIST_KEY_UISupportedInterfaceOrientations = UIInterfaceOrientationPortrait;
				IPHONEOS_DEPLOYMENT_TARGET = 14.0;
				LD_RUNPATH_SEARCH_PATHS = (
					"$(inherited)",
					"@executable_path/Frameworks",
				);
				MARKETING_VERSION = 1.0;
				PRODUCT_BUNDLE_IDENTIFIER = "me.victor-dev.Pokedex-v2";
				PRODUCT_NAME = "$(TARGET_NAME)";
				SUPPORTED_PLATFORMS = "iphoneos iphonesimulator";
				SUPPORTS_MACCATALYST = NO;
				SUPPORTS_MAC_DESIGNED_FOR_IPHONE_IPAD = NO;
				SWIFT_EMIT_LOC_STRINGS = YES;
				SWIFT_VERSION = 5.0;
				TARGETED_DEVICE_FAMILY = 1;
			};
			name = Debug;
		};
		57C17D262BBA0B0B00CD916D /* Release */ = {
			isa = XCBuildConfiguration;
			buildSettings = {
				ASSETCATALOG_COMPILER_APPICON_NAME = AppIcon;
				ASSETCATALOG_COMPILER_GLOBAL_ACCENT_COLOR_NAME = AccentColor;
				CODE_SIGN_STYLE = Automatic;
				CURRENT_PROJECT_VERSION = 1;
				DEVELOPMENT_TEAM = 96JYKUR964;
				GENERATE_INFOPLIST_FILE = YES;
				INFOPLIST_FILE = "Pokedex-v2/Info.plist";
				INFOPLIST_KEY_UIApplicationSupportsIndirectInputEvents = YES;
				INFOPLIST_KEY_UILaunchStoryboardName = LaunchScreen.storyboard;
				INFOPLIST_KEY_UISupportedInterfaceOrientations = UIInterfaceOrientationPortrait;
				IPHONEOS_DEPLOYMENT_TARGET = 14.0;
				LD_RUNPATH_SEARCH_PATHS = (
					"$(inherited)",
					"@executable_path/Frameworks",
				);
				MARKETING_VERSION = 1.0;
				PRODUCT_BUNDLE_IDENTIFIER = "me.victor-dev.Pokedex-v2";
				PRODUCT_NAME = "$(TARGET_NAME)";
				SUPPORTED_PLATFORMS = "iphoneos iphonesimulator";
				SUPPORTS_MACCATALYST = NO;
				SUPPORTS_MAC_DESIGNED_FOR_IPHONE_IPAD = NO;
				SWIFT_EMIT_LOC_STRINGS = YES;
				SWIFT_VERSION = 5.0;
				TARGETED_DEVICE_FAMILY = 1;
			};
			name = Release;
		};
/* End XCBuildConfiguration section */

/* Begin XCConfigurationList section */
		57C17D0B2BBA0B0A00CD916D /* Build configuration list for PBXProject "Pokedex-v2" */ = {
			isa = XCConfigurationList;
			buildConfigurations = (
				57C17D222BBA0B0B00CD916D /* Debug */,
				57C17D232BBA0B0B00CD916D /* Release */,
			);
			defaultConfigurationIsVisible = 0;
			defaultConfigurationName = Release;
		};
		57C17D242BBA0B0B00CD916D /* Build configuration list for PBXNativeTarget "Pokedex-v2" */ = {
			isa = XCConfigurationList;
			buildConfigurations = (
				57C17D252BBA0B0B00CD916D /* Debug */,
				57C17D262BBA0B0B00CD916D /* Release */,
			);
			defaultConfigurationIsVisible = 0;
			defaultConfigurationName = Release;
		};
/* End XCConfigurationList section */
	};
	rootObject = 57C17D082BBA0B0A00CD916D /* Project object */;
}
